
Microsoft Visual Studio Solution File, Format Version 12.00
# Visual Studio Version 16
VisualStudioVersion = 16.0.30524.135
MinimumVisualStudioVersion = 10.0.40219.1
Project("{8BC9CEB8-8B4A-11D0-8D11-00A0C91BC942}") = "boolexpr32", "boolexpr32\boolexpr32.vcxproj", "{803F3E2E-AA75-3923-84AF-53B93C7349F3}"
EndProject
Project("{8BC9CEB8-8B4A-11D0-8D11-00A0C91BC942}") = "boolexpr64", "boolexpr64\boolexpr64.vcxproj", "{8F079A18-5DA5-3837-AC5B-0DCBBB863BB7}"
EndProject
Project("{2150E333-8FDC-42A3-9474-1A3956D46DE8}") = "Solution Items", "Solution Items", "{267A9447-3A09-455B-85A0-0DBAAA8246C4}"
	ProjectSection(SolutionItems) = preProject
		appveyor.yml = appveyor.yml
		Directory.Build.props = Directory.Build.props
	EndProjectSection
EndProject
Project("{9A19103F-16F7-4668-BE54-9A1E7A4F7556}") = "BoolExprNet", "BoolExprNet\BoolExprNet.csproj", "{DAD5F83F-0A5D-4AC6-AB54-C74C6878645A}"
EndProject
Project("{9A19103F-16F7-4668-BE54-9A1E7A4F7556}") = "BoolExprNet.Console", "BoolExprNet.Console\BoolExprNet.Console.csproj", "{741AEDEA-D382-42B1-A4C2-F63D6A897907}"
EndProject
Project("{9A19103F-16F7-4668-BE54-9A1E7A4F7556}") = "BoolExprNet.Tests", "BoolExprNet.Tests\BoolExprNet.Tests.csproj", "{C7E1BEB7-A7EB-4016-B557-DCBE8DB01942}"
EndProject
Project("{8BC9CEB8-8B4A-11D0-8D11-00A0C91BC942}") = "libboolexpr", "libboolexpr\libboolexpr.vcxproj", "{5405342D-7725-462D-8388-457D56068675}"
EndProject
Global
	GlobalSection(SolutionConfigurationPlatforms) = preSolution
		Debug|Any CPU = Debug|Any CPU
		Debug|ARM = Debug|ARM
		Debug|ARM64 = Debug|ARM64
		Debug|x64 = Debug|x64
		Debug|x86 = Debug|x86
		MinSizeRel|Any CPU = MinSizeRel|Any CPU
		MinSizeRel|ARM = MinSizeRel|ARM
		MinSizeRel|ARM64 = MinSizeRel|ARM64
		MinSizeRel|x64 = MinSizeRel|x64
		MinSizeRel|x86 = MinSizeRel|x86
		Release|Any CPU = Release|Any CPU
		Release|ARM = Release|ARM
		Release|ARM64 = Release|ARM64
		Release|x64 = Release|x64
		Release|x86 = Release|x86
		RelWithDebInfo|Any CPU = RelWithDebInfo|Any CPU
		RelWithDebInfo|ARM = RelWithDebInfo|ARM
		RelWithDebInfo|ARM64 = RelWithDebInfo|ARM64
		RelWithDebInfo|x64 = RelWithDebInfo|x64
		RelWithDebInfo|x86 = RelWithDebInfo|x86
	EndGlobalSection
	GlobalSection(ProjectConfigurationPlatforms) = postSolution
		{803F3E2E-AA75-3923-84AF-53B93C7349F3}.Debug|Any CPU.ActiveCfg = Debug|Win32
		{803F3E2E-AA75-3923-84AF-53B93C7349F3}.Debug|ARM.ActiveCfg = Debug|Win32
		{803F3E2E-AA75-3923-84AF-53B93C7349F3}.Debug|ARM64.ActiveCfg = Debug|Win32
		{803F3E2E-AA75-3923-84AF-53B93C7349F3}.Debug|x64.ActiveCfg = Debug|Win32
		{803F3E2E-AA75-3923-84AF-53B93C7349F3}.Debug|x86.ActiveCfg = Debug|Win32
		{803F3E2E-AA75-3923-84AF-53B93C7349F3}.Debug|x86.Build.0 = Debug|Win32
		{803F3E2E-AA75-3923-84AF-53B93C7349F3}.MinSizeRel|Any CPU.ActiveCfg = MinSizeRel|Win32
		{803F3E2E-AA75-3923-84AF-53B93C7349F3}.MinSizeRel|ARM.ActiveCfg = MinSizeRel|Win32
		{803F3E2E-AA75-3923-84AF-53B93C7349F3}.MinSizeRel|ARM64.ActiveCfg = MinSizeRel|Win32
		{803F3E2E-AA75-3923-84AF-53B93C7349F3}.MinSizeRel|x64.ActiveCfg = MinSizeRel|Win32
		{803F3E2E-AA75-3923-84AF-53B93C7349F3}.MinSizeRel|x86.ActiveCfg = MinSizeRel|Win32
		{803F3E2E-AA75-3923-84AF-53B93C7349F3}.MinSizeRel|x86.Build.0 = MinSizeRel|Win32
		{803F3E2E-AA75-3923-84AF-53B93C7349F3}.Release|Any CPU.ActiveCfg = Release|Win32
		{803F3E2E-AA75-3923-84AF-53B93C7349F3}.Release|ARM.ActiveCfg = Release|Win32
		{803F3E2E-AA75-3923-84AF-53B93C7349F3}.Release|ARM64.ActiveCfg = Release|Win32
		{803F3E2E-AA75-3923-84AF-53B93C7349F3}.Release|x64.ActiveCfg = Release|Win32
		{803F3E2E-AA75-3923-84AF-53B93C7349F3}.Release|x86.ActiveCfg = Release|Win32
		{803F3E2E-AA75-3923-84AF-53B93C7349F3}.Release|x86.Build.0 = Release|Win32
		{803F3E2E-AA75-3923-84AF-53B93C7349F3}.RelWithDebInfo|Any CPU.ActiveCfg = RelWithDebInfo|Win32
		{803F3E2E-AA75-3923-84AF-53B93C7349F3}.RelWithDebInfo|ARM.ActiveCfg = RelWithDebInfo|Win32
		{803F3E2E-AA75-3923-84AF-53B93C7349F3}.RelWithDebInfo|ARM64.ActiveCfg = RelWithDebInfo|Win32
		{803F3E2E-AA75-3923-84AF-53B93C7349F3}.RelWithDebInfo|x64.ActiveCfg = RelWithDebInfo|Win32
		{803F3E2E-AA75-3923-84AF-53B93C7349F3}.RelWithDebInfo|x86.ActiveCfg = RelWithDebInfo|Win32
		{803F3E2E-AA75-3923-84AF-53B93C7349F3}.RelWithDebInfo|x86.Build.0 = RelWithDebInfo|Win32
		{8F079A18-5DA5-3837-AC5B-0DCBBB863BB7}.Debug|Any CPU.ActiveCfg = Debug|x64
		{8F079A18-5DA5-3837-AC5B-0DCBBB863BB7}.Debug|ARM.ActiveCfg = Debug|x64
		{8F079A18-5DA5-3837-AC5B-0DCBBB863BB7}.Debug|ARM64.ActiveCfg = Debug|x64
		{8F079A18-5DA5-3837-AC5B-0DCBBB863BB7}.Debug|x64.ActiveCfg = Debug|x64
		{8F079A18-5DA5-3837-AC5B-0DCBBB863BB7}.Debug|x64.Build.0 = Debug|x64
		{8F079A18-5DA5-3837-AC5B-0DCBBB863BB7}.Debug|x86.ActiveCfg = Debug|x64
		{8F079A18-5DA5-3837-AC5B-0DCBBB863BB7}.MinSizeRel|Any CPU.ActiveCfg = MinSizeRel|x64
		{8F079A18-5DA5-3837-AC5B-0DCBBB863BB7}.MinSizeRel|ARM.ActiveCfg = MinSizeRel|x64
		{8F079A18-5DA5-3837-AC5B-0DCBBB863BB7}.MinSizeRel|ARM64.ActiveCfg = MinSizeRel|x64
		{8F079A18-5DA5-3837-AC5B-0DCBBB863BB7}.MinSizeRel|x64.ActiveCfg = MinSizeRel|x64
		{8F079A18-5DA5-3837-AC5B-0DCBBB863BB7}.MinSizeRel|x64.Build.0 = MinSizeRel|x64
		{8F079A18-5DA5-3837-AC5B-0DCBBB863BB7}.MinSizeRel|x86.ActiveCfg = MinSizeRel|x64
		{8F079A18-5DA5-3837-AC5B-0DCBBB863BB7}.Release|Any CPU.ActiveCfg = Release|x64
		{8F079A18-5DA5-3837-AC5B-0DCBBB863BB7}.Release|ARM.ActiveCfg = Release|x64
		{8F079A18-5DA5-3837-AC5B-0DCBBB863BB7}.Release|ARM64.ActiveCfg = Release|x64
		{8F079A18-5DA5-3837-AC5B-0DCBBB863BB7}.Release|x64.ActiveCfg = Release|x64
		{8F079A18-5DA5-3837-AC5B-0DCBBB863BB7}.Release|x64.Build.0 = Release|x64
		{8F079A18-5DA5-3837-AC5B-0DCBBB863BB7}.Release|x86.ActiveCfg = Release|x64
		{8F079A18-5DA5-3837-AC5B-0DCBBB863BB7}.RelWithDebInfo|Any CPU.ActiveCfg = RelWithDebInfo|x64
		{8F079A18-5DA5-3837-AC5B-0DCBBB863BB7}.RelWithDebInfo|ARM.ActiveCfg = RelWithDebInfo|x64
		{8F079A18-5DA5-3837-AC5B-0DCBBB863BB7}.RelWithDebInfo|ARM64.ActiveCfg = RelWithDebInfo|x64
		{8F079A18-5DA5-3837-AC5B-0DCBBB863BB7}.RelWithDebInfo|x64.ActiveCfg = RelWithDebInfo|x64
		{8F079A18-5DA5-3837-AC5B-0DCBBB863BB7}.RelWithDebInfo|x64.Build.0 = RelWithDebInfo|x64
		{8F079A18-5DA5-3837-AC5B-0DCBBB863BB7}.RelWithDebInfo|x86.ActiveCfg = RelWithDebInfo|x64
		{DAD5F83F-0A5D-4AC6-AB54-C74C6878645A}.Debug|Any CPU.ActiveCfg = Debug|Any CPU
		{DAD5F83F-0A5D-4AC6-AB54-C74C6878645A}.Debug|Any CPU.Build.0 = Debug|Any CPU
		{DAD5F83F-0A5D-4AC6-AB54-C74C6878645A}.Debug|ARM.ActiveCfg = Debug|Any CPU
		{DAD5F83F-0A5D-4AC6-AB54-C74C6878645A}.Debug|ARM.Build.0 = Debug|Any CPU
		{DAD5F83F-0A5D-4AC6-AB54-C74C6878645A}.Debug|ARM64.ActiveCfg = Debug|Any CPU
		{DAD5F83F-0A5D-4AC6-AB54-C74C6878645A}.Debug|ARM64.Build.0 = Debug|Any CPU
		{DAD5F83F-0A5D-4AC6-AB54-C74C6878645A}.Debug|x64.ActiveCfg = Debug|Any CPU
		{DAD5F83F-0A5D-4AC6-AB54-C74C6878645A}.Debug|x64.Build.0 = Debug|Any CPU
		{DAD5F83F-0A5D-4AC6-AB54-C74C6878645A}.Debug|x86.ActiveCfg = Debug|Any CPU
		{DAD5F83F-0A5D-4AC6-AB54-C74C6878645A}.Debug|x86.Build.0 = Debug|Any CPU
		{DAD5F83F-0A5D-4AC6-AB54-C74C6878645A}.MinSizeRel|Any CPU.ActiveCfg = Release|Any CPU
		{DAD5F83F-0A5D-4AC6-AB54-C74C6878645A}.MinSizeRel|Any CPU.Build.0 = Release|Any CPU
		{DAD5F83F-0A5D-4AC6-AB54-C74C6878645A}.MinSizeRel|ARM.ActiveCfg = Release|Any CPU
		{DAD5F83F-0A5D-4AC6-AB54-C74C6878645A}.MinSizeRel|ARM.Build.0 = Release|Any CPU
		{DAD5F83F-0A5D-4AC6-AB54-C74C6878645A}.MinSizeRel|ARM64.ActiveCfg = Release|Any CPU
		{DAD5F83F-0A5D-4AC6-AB54-C74C6878645A}.MinSizeRel|ARM64.Build.0 = Release|Any CPU
		{DAD5F83F-0A5D-4AC6-AB54-C74C6878645A}.MinSizeRel|x64.ActiveCfg = Release|Any CPU
		{DAD5F83F-0A5D-4AC6-AB54-C74C6878645A}.MinSizeRel|x64.Build.0 = Release|Any CPU
		{DAD5F83F-0A5D-4AC6-AB54-C74C6878645A}.MinSizeRel|x86.ActiveCfg = Release|Any CPU
		{DAD5F83F-0A5D-4AC6-AB54-C74C6878645A}.MinSizeRel|x86.Build.0 = Release|Any CPU
		{DAD5F83F-0A5D-4AC6-AB54-C74C6878645A}.Release|Any CPU.ActiveCfg = Release|Any CPU
		{DAD5F83F-0A5D-4AC6-AB54-C74C6878645A}.Release|Any CPU.Build.0 = Release|Any CPU
		{DAD5F83F-0A5D-4AC6-AB54-C74C6878645A}.Release|ARM.ActiveCfg = Release|Any CPU
		{DAD5F83F-0A5D-4AC6-AB54-C74C6878645A}.Release|ARM.Build.0 = Release|Any CPU
		{DAD5F83F-0A5D-4AC6-AB54-C74C6878645A}.Release|ARM64.ActiveCfg = Release|Any CPU
		{DAD5F83F-0A5D-4AC6-AB54-C74C6878645A}.Release|ARM64.Build.0 = Release|Any CPU
		{DAD5F83F-0A5D-4AC6-AB54-C74C6878645A}.Release|x64.ActiveCfg = Release|Any CPU
		{DAD5F83F-0A5D-4AC6-AB54-C74C6878645A}.Release|x64.Build.0 = Release|Any CPU
		{DAD5F83F-0A5D-4AC6-AB54-C74C6878645A}.Release|x86.ActiveCfg = Release|Any CPU
		{DAD5F83F-0A5D-4AC6-AB54-C74C6878645A}.Release|x86.Build.0 = Release|Any CPU
		{DAD5F83F-0A5D-4AC6-AB54-C74C6878645A}.RelWithDebInfo|Any CPU.ActiveCfg = Release|Any CPU
		{DAD5F83F-0A5D-4AC6-AB54-C74C6878645A}.RelWithDebInfo|Any CPU.Build.0 = Release|Any CPU
		{DAD5F83F-0A5D-4AC6-AB54-C74C6878645A}.RelWithDebInfo|ARM.ActiveCfg = Release|Any CPU
		{DAD5F83F-0A5D-4AC6-AB54-C74C6878645A}.RelWithDebInfo|ARM.Build.0 = Release|Any CPU
		{DAD5F83F-0A5D-4AC6-AB54-C74C6878645A}.RelWithDebInfo|ARM64.ActiveCfg = Release|Any CPU
		{DAD5F83F-0A5D-4AC6-AB54-C74C6878645A}.RelWithDebInfo|ARM64.Build.0 = Release|Any CPU
		{DAD5F83F-0A5D-4AC6-AB54-C74C6878645A}.RelWithDebInfo|x64.ActiveCfg = Release|Any CPU
		{DAD5F83F-0A5D-4AC6-AB54-C74C6878645A}.RelWithDebInfo|x64.Build.0 = Release|Any CPU
		{DAD5F83F-0A5D-4AC6-AB54-C74C6878645A}.RelWithDebInfo|x86.ActiveCfg = Release|Any CPU
		{DAD5F83F-0A5D-4AC6-AB54-C74C6878645A}.RelWithDebInfo|x86.Build.0 = Release|Any CPU
		{741AEDEA-D382-42B1-A4C2-F63D6A897907}.Debug|Any CPU.ActiveCfg = Debug|Any CPU
		{741AEDEA-D382-42B1-A4C2-F63D6A897907}.Debug|Any CPU.Build.0 = Debug|Any CPU
		{741AEDEA-D382-42B1-A4C2-F63D6A897907}.Debug|ARM.ActiveCfg = Debug|Any CPU
		{741AEDEA-D382-42B1-A4C2-F63D6A897907}.Debug|ARM.Build.0 = Debug|Any CPU
		{741AEDEA-D382-42B1-A4C2-F63D6A897907}.Debug|ARM64.ActiveCfg = Debug|Any CPU
		{741AEDEA-D382-42B1-A4C2-F63D6A897907}.Debug|ARM64.Build.0 = Debug|Any CPU
		{741AEDEA-D382-42B1-A4C2-F63D6A897907}.Debug|x64.ActiveCfg = Debug|Any CPU
		{741AEDEA-D382-42B1-A4C2-F63D6A897907}.Debug|x64.Build.0 = Debug|Any CPU
		{741AEDEA-D382-42B1-A4C2-F63D6A897907}.Debug|x86.ActiveCfg = Debug|Any CPU
		{741AEDEA-D382-42B1-A4C2-F63D6A897907}.Debug|x86.Build.0 = Debug|Any CPU
		{741AEDEA-D382-42B1-A4C2-F63D6A897907}.MinSizeRel|Any CPU.ActiveCfg = Release|Any CPU
		{741AEDEA-D382-42B1-A4C2-F63D6A897907}.MinSizeRel|Any CPU.Build.0 = Release|Any CPU
		{741AEDEA-D382-42B1-A4C2-F63D6A897907}.MinSizeRel|ARM.ActiveCfg = Release|Any CPU
		{741AEDEA-D382-42B1-A4C2-F63D6A897907}.MinSizeRel|ARM.Build.0 = Release|Any CPU
		{741AEDEA-D382-42B1-A4C2-F63D6A897907}.MinSizeRel|ARM64.ActiveCfg = Release|Any CPU
		{741AEDEA-D382-42B1-A4C2-F63D6A897907}.MinSizeRel|ARM64.Build.0 = Release|Any CPU
		{741AEDEA-D382-42B1-A4C2-F63D6A897907}.MinSizeRel|x64.ActiveCfg = Release|Any CPU
		{741AEDEA-D382-42B1-A4C2-F63D6A897907}.MinSizeRel|x64.Build.0 = Release|Any CPU
		{741AEDEA-D382-42B1-A4C2-F63D6A897907}.MinSizeRel|x86.ActiveCfg = Release|Any CPU
		{741AEDEA-D382-42B1-A4C2-F63D6A897907}.MinSizeRel|x86.Build.0 = Release|Any CPU
		{741AEDEA-D382-42B1-A4C2-F63D6A897907}.Release|Any CPU.ActiveCfg = Release|Any CPU
		{741AEDEA-D382-42B1-A4C2-F63D6A897907}.Release|Any CPU.Build.0 = Release|Any CPU
		{741AEDEA-D382-42B1-A4C2-F63D6A897907}.Release|ARM.ActiveCfg = Release|Any CPU
		{741AEDEA-D382-42B1-A4C2-F63D6A897907}.Release|ARM.Build.0 = Release|Any CPU
		{741AEDEA-D382-42B1-A4C2-F63D6A897907}.Release|ARM64.ActiveCfg = Release|Any CPU
		{741AEDEA-D382-42B1-A4C2-F63D6A897907}.Release|ARM64.Build.0 = Release|Any CPU
		{741AEDEA-D382-42B1-A4C2-F63D6A897907}.Release|x64.ActiveCfg = Release|Any CPU
		{741AEDEA-D382-42B1-A4C2-F63D6A897907}.Release|x64.Build.0 = Release|Any CPU
		{741AEDEA-D382-42B1-A4C2-F63D6A897907}.Release|x86.ActiveCfg = Release|Any CPU
		{741AEDEA-D382-42B1-A4C2-F63D6A897907}.Release|x86.Build.0 = Release|Any CPU
		{741AEDEA-D382-42B1-A4C2-F63D6A897907}.RelWithDebInfo|Any CPU.ActiveCfg = Release|Any CPU
		{741AEDEA-D382-42B1-A4C2-F63D6A897907}.RelWithDebInfo|Any CPU.Build.0 = Release|Any CPU
		{741AEDEA-D382-42B1-A4C2-F63D6A897907}.RelWithDebInfo|ARM.ActiveCfg = Release|Any CPU
		{741AEDEA-D382-42B1-A4C2-F63D6A897907}.RelWithDebInfo|ARM.Build.0 = Release|Any CPU
		{741AEDEA-D382-42B1-A4C2-F63D6A897907}.RelWithDebInfo|ARM64.ActiveCfg = Release|Any CPU
		{741AEDEA-D382-42B1-A4C2-F63D6A897907}.RelWithDebInfo|ARM64.Build.0 = Release|Any CPU
		{741AEDEA-D382-42B1-A4C2-F63D6A897907}.RelWithDebInfo|x64.ActiveCfg = Release|Any CPU
		{741AEDEA-D382-42B1-A4C2-F63D6A897907}.RelWithDebInfo|x64.Build.0 = Release|Any CPU
		{741AEDEA-D382-42B1-A4C2-F63D6A897907}.RelWithDebInfo|x86.ActiveCfg = Release|Any CPU
		{741AEDEA-D382-42B1-A4C2-F63D6A897907}.RelWithDebInfo|x86.Build.0 = Release|Any CPU
		{C7E1BEB7-A7EB-4016-B557-DCBE8DB01942}.Debug|Any CPU.ActiveCfg = Debug|Any CPU
		{C7E1BEB7-A7EB-4016-B557-DCBE8DB01942}.Debug|Any CPU.Build.0 = Debug|Any CPU
		{C7E1BEB7-A7EB-4016-B557-DCBE8DB01942}.Debug|ARM.ActiveCfg = Debug|Any CPU
		{C7E1BEB7-A7EB-4016-B557-DCBE8DB01942}.Debug|ARM.Build.0 = Debug|Any CPU
		{C7E1BEB7-A7EB-4016-B557-DCBE8DB01942}.Debug|ARM64.ActiveCfg = Debug|Any CPU
		{C7E1BEB7-A7EB-4016-B557-DCBE8DB01942}.Debug|ARM64.Build.0 = Debug|Any CPU
		{C7E1BEB7-A7EB-4016-B557-DCBE8DB01942}.Debug|x64.ActiveCfg = Debug|Any CPU
		{C7E1BEB7-A7EB-4016-B557-DCBE8DB01942}.Debug|x64.Build.0 = Debug|Any CPU
		{C7E1BEB7-A7EB-4016-B557-DCBE8DB01942}.Debug|x86.ActiveCfg = Debug|Any CPU
		{C7E1BEB7-A7EB-4016-B557-DCBE8DB01942}.Debug|x86.Build.0 = Debug|Any CPU
		{C7E1BEB7-A7EB-4016-B557-DCBE8DB01942}.MinSizeRel|Any CPU.ActiveCfg = Release|Any CPU
		{C7E1BEB7-A7EB-4016-B557-DCBE8DB01942}.MinSizeRel|Any CPU.Build.0 = Release|Any CPU
		{C7E1BEB7-A7EB-4016-B557-DCBE8DB01942}.MinSizeRel|ARM.ActiveCfg = Release|Any CPU
		{C7E1BEB7-A7EB-4016-B557-DCBE8DB01942}.MinSizeRel|ARM.Build.0 = Release|Any CPU
		{C7E1BEB7-A7EB-4016-B557-DCBE8DB01942}.MinSizeRel|ARM64.ActiveCfg = Release|Any CPU
		{C7E1BEB7-A7EB-4016-B557-DCBE8DB01942}.MinSizeRel|ARM64.Build.0 = Release|Any CPU
		{C7E1BEB7-A7EB-4016-B557-DCBE8DB01942}.MinSizeRel|x64.ActiveCfg = Release|Any CPU
		{C7E1BEB7-A7EB-4016-B557-DCBE8DB01942}.MinSizeRel|x64.Build.0 = Release|Any CPU
		{C7E1BEB7-A7EB-4016-B557-DCBE8DB01942}.MinSizeRel|x86.ActiveCfg = Release|Any CPU
		{C7E1BEB7-A7EB-4016-B557-DCBE8DB01942}.MinSizeRel|x86.Build.0 = Release|Any CPU
		{C7E1BEB7-A7EB-4016-B557-DCBE8DB01942}.Release|Any CPU.ActiveCfg = Release|Any CPU
		{C7E1BEB7-A7EB-4016-B557-DCBE8DB01942}.Release|Any CPU.Build.0 = Release|Any CPU
		{C7E1BEB7-A7EB-4016-B557-DCBE8DB01942}.Release|ARM.ActiveCfg = Release|Any CPU
		{C7E1BEB7-A7EB-4016-B557-DCBE8DB01942}.Release|ARM.Build.0 = Release|Any CPU
		{C7E1BEB7-A7EB-4016-B557-DCBE8DB01942}.Release|ARM64.ActiveCfg = Release|Any CPU
		{C7E1BEB7-A7EB-4016-B557-DCBE8DB01942}.Release|ARM64.Build.0 = Release|Any CPU
		{C7E1BEB7-A7EB-4016-B557-DCBE8DB01942}.Release|x64.ActiveCfg = Release|Any CPU
		{C7E1BEB7-A7EB-4016-B557-DCBE8DB01942}.Release|x64.Build.0 = Release|Any CPU
		{C7E1BEB7-A7EB-4016-B557-DCBE8DB01942}.Release|x86.ActiveCfg = Release|Any CPU
		{C7E1BEB7-A7EB-4016-B557-DCBE8DB01942}.Release|x86.Build.0 = Release|Any CPU
		{C7E1BEB7-A7EB-4016-B557-DCBE8DB01942}.RelWithDebInfo|Any CPU.ActiveCfg = Release|Any CPU
		{C7E1BEB7-A7EB-4016-B557-DCBE8DB01942}.RelWithDebInfo|Any CPU.Build.0 = Release|Any CPU
		{C7E1BEB7-A7EB-4016-B557-DCBE8DB01942}.RelWithDebInfo|ARM.ActiveCfg = Release|Any CPU
		{C7E1BEB7-A7EB-4016-B557-DCBE8DB01942}.RelWithDebInfo|ARM.Build.0 = Release|Any CPU
		{C7E1BEB7-A7EB-4016-B557-DCBE8DB01942}.RelWithDebInfo|ARM64.ActiveCfg = Release|Any CPU
		{C7E1BEB7-A7EB-4016-B557-DCBE8DB01942}.RelWithDebInfo|ARM64.Build.0 = Release|Any CPU
		{C7E1BEB7-A7EB-4016-B557-DCBE8DB01942}.RelWithDebInfo|x64.ActiveCfg = Release|Any CPU
		{C7E1BEB7-A7EB-4016-B557-DCBE8DB01942}.RelWithDebInfo|x64.Build.0 = Release|Any CPU
		{C7E1BEB7-A7EB-4016-B557-DCBE8DB01942}.RelWithDebInfo|x86.ActiveCfg = Release|Any CPU
		{C7E1BEB7-A7EB-4016-B557-DCBE8DB01942}.RelWithDebInfo|x86.Build.0 = Release|Any CPU
		{5405342D-7725-462D-8388-457D56068675}.Debug|Any CPU.ActiveCfg = Debug|x86
		{5405342D-7725-462D-8388-457D56068675}.Debug|ARM.ActiveCfg = Debug|ARM
		{5405342D-7725-462D-8388-457D56068675}.Debug|ARM.Build.0 = Debug|ARM
		{5405342D-7725-462D-8388-457D56068675}.Debug|ARM.Deploy.0 = Debug|ARM
		{5405342D-7725-462D-8388-457D56068675}.Debug|ARM64.ActiveCfg = Debug|ARM64
		{5405342D-7725-462D-8388-457D56068675}.Debug|ARM64.Build.0 = Debug|ARM64
		{5405342D-7725-462D-8388-457D56068675}.Debug|ARM64.Deploy.0 = Debug|ARM64
		{5405342D-7725-462D-8388-457D56068675}.Debug|x64.ActiveCfg = Debug|x64
		{5405342D-7725-462D-8388-457D56068675}.Debug|x64.Build.0 = Debug|x64
		{5405342D-7725-462D-8388-457D56068675}.Debug|x64.Deploy.0 = Debug|x64
		{5405342D-7725-462D-8388-457D56068675}.Debug|x86.ActiveCfg = Debug|x86
		{5405342D-7725-462D-8388-457D56068675}.Debug|x86.Build.0 = Debug|x86
		{5405342D-7725-462D-8388-457D56068675}.Debug|x86.Deploy.0 = Debug|x86
		{5405342D-7725-462D-8388-457D56068675}.MinSizeRel|Any CPU.ActiveCfg = Debug|ARM64
		{5405342D-7725-462D-8388-457D56068675}.MinSizeRel|Any CPU.Build.0 = Debug|ARM64
		{5405342D-7725-462D-8388-457D56068675}.MinSizeRel|Any CPU.Deploy.0 = Debug|ARM64
		{5405342D-7725-462D-8388-457D56068675}.MinSizeRel|ARM.ActiveCfg = Debug|ARM
		{5405342D-7725-462D-8388-457D56068675}.MinSizeRel|ARM.Build.0 = Debug|ARM
		{5405342D-7725-462D-8388-457D56068675}.MinSizeRel|ARM.Deploy.0 = Debug|ARM
		{5405342D-7725-462D-8388-457D56068675}.MinSizeRel|ARM64.ActiveCfg = Debug|ARM64
		{5405342D-7725-462D-8388-457D56068675}.MinSizeRel|ARM64.Build.0 = Debug|ARM64
		{5405342D-7725-462D-8388-457D56068675}.MinSizeRel|ARM64.Deploy.0 = Debug|ARM64
		{5405342D-7725-462D-8388-457D56068675}.MinSizeRel|x64.ActiveCfg = Debug|x64
		{5405342D-7725-462D-8388-457D56068675}.MinSizeRel|x64.Build.0 = Debug|x64
		{5405342D-7725-462D-8388-457D56068675}.MinSizeRel|x64.Deploy.0 = Debug|x64
		{5405342D-7725-462D-8388-457D56068675}.MinSizeRel|x86.ActiveCfg = Debug|x86
		{5405342D-7725-462D-8388-457D56068675}.MinSizeRel|x86.Build.0 = Debug|x86
		{5405342D-7725-462D-8388-457D56068675}.MinSizeRel|x86.Deploy.0 = Debug|x86
		{5405342D-7725-462D-8388-457D56068675}.Release|Any CPU.ActiveCfg = Release|x86
		{5405342D-7725-462D-8388-457D56068675}.Release|ARM.ActiveCfg = Release|ARM
		{5405342D-7725-462D-8388-457D56068675}.Release|ARM.Build.0 = Release|ARM
		{5405342D-7725-462D-8388-457D56068675}.Release|ARM.Deploy.0 = Release|ARM
		{5405342D-7725-462D-8388-457D56068675}.Release|ARM64.ActiveCfg = Release|ARM64
		{5405342D-7725-462D-8388-457D56068675}.Release|ARM64.Build.0 = Release|ARM64
		{5405342D-7725-462D-8388-457D56068675}.Release|ARM64.Deploy.0 = Release|ARM64
		{5405342D-7725-462D-8388-457D56068675}.Release|x64.ActiveCfg = Release|x64
		{5405342D-7725-462D-8388-457D56068675}.Release|x64.Build.0 = Release|x64
		{5405342D-7725-462D-8388-457D56068675}.Release|x64.Deploy.0 = Release|x64
		{5405342D-7725-462D-8388-457D56068675}.Release|x86.ActiveCfg = Release|x86
		{5405342D-7725-462D-8388-457D56068675}.Release|x86.Build.0 = Release|x86
		{5405342D-7725-462D-8388-457D56068675}.Release|x86.Deploy.0 = Release|x86
		{5405342D-7725-462D-8388-457D56068675}.RelWithDebInfo|Any CPU.ActiveCfg = Debug|ARM64
		{5405342D-7725-462D-8388-457D56068675}.RelWithDebInfo|Any CPU.Build.0 = Debug|ARM64
		{5405342D-7725-462D-8388-457D56068675}.RelWithDebInfo|Any CPU.Deploy.0 = Debug|ARM64
		{5405342D-7725-462D-8388-457D56068675}.RelWithDebInfo|ARM.ActiveCfg = Release|ARM
		{5405342D-7725-462D-8388-457D56068675}.RelWithDebInfo|ARM.Build.0 = Release|ARM
		{5405342D-7725-462D-8388-457D56068675}.RelWithDebInfo|ARM.Deploy.0 = Release|ARM
		{5405342D-7725-462D-8388-457D56068675}.RelWithDebInfo|ARM64.ActiveCfg = Release|ARM64
		{5405342D-7725-462D-8388-457D56068675}.RelWithDebInfo|ARM64.Build.0 = Release|ARM64
		{5405342D-7725-462D-8388-457D56068675}.RelWithDebInfo|ARM64.Deploy.0 = Release|ARM64
		{5405342D-7725-462D-8388-457D56068675}.RelWithDebInfo|x64.ActiveCfg = Release|x64
		{5405342D-7725-462D-8388-457D56068675}.RelWithDebInfo|x64.Build.0 = Release|x64
		{5405342D-7725-462D-8388-457D56068675}.RelWithDebInfo|x64.Deploy.0 = Release|x64
		{5405342D-7725-462D-8388-457D56068675}.RelWithDebInfo|x86.ActiveCfg = Release|x86
		{5405342D-7725-462D-8388-457D56068675}.RelWithDebInfo|x86.Build.0 = Release|x86
		{5405342D-7725-462D-8388-457D56068675}.RelWithDebInfo|x86.Deploy.0 = Release|x86
	EndGlobalSection
	GlobalSection(SolutionProperties) = preSolution
		HideSolutionNode = FALSE
	EndGlobalSection
	GlobalSection(ExtensibilityGlobals) = postSolution
		SolutionGuid = {B4C41FC5-8FFA-4636-9FA5-F288BC836EBA}
	EndGlobalSection
EndGlobal
